<?xml version="1.0" encoding="utf-8"?>
<Project ToolsVersion="4.0" xmlns="http://schemas.microsoft.com/developer/msbuild/2003">
  <ItemGroup>
    <Filter Include="Source Files">
      <UniqueIdentifier>{4FC737F1-C7A5-4376-A066-2A32D752A2FF}</UniqueIdentifier>
      <Extensions>cpp;c;cc;cxx;def;odl;idl;hpj;bat;asm;asmx</Extensions>
    </Filter>
    <Filter Include="Header Files">
      <UniqueIdentifier>{93995380-89BD-4b04-88EB-625FBE52EBFB}</UniqueIdentifier>
      <Extensions>h;hpp;hxx;hm;inl;inc;xsd</Extensions>
    </Filter>
  </ItemGroup>
  <ItemGroup>
    <None Include="..\..\..\..\G&amp;G Production\Troll\4Series_400x400.ascii">
      <Filter>Source Files</Filter>
    </None>
    <None Include="packages.config" />
  </ItemGroup>
  <ItemGroup>
    <ClCompile Include="AttributeSet.cc">
      <Filter>Source Files</Filter>
    </ClCompile>
    <ClCompile Include="Cube.cc">
      <Filter>Source Files</Filter>
    </ClCompile>
    <ClCompile Include="Drawable.cc">
      <Filter>Source Files</Filter>
    </ClCompile>
    <ClCompile Include="EmDataSet.cc">
      <Filter>Source Files</Filter>
    </ClCompile>
    <ClCompile Include="GlScene.cc">
      <Filter>Source Files</Filter>
    </ClCompile>
    <ClCompile Include="Horizon.cc">
      <Filter>Source Files</Filter>
    </ClCompile>
    <ClCompile Include="Matrix4.cc">
      <Filter>Source Files</Filter>
    </ClCompile>
    <ClCompile Include="Measurement.cc">
      <Filter>Source Files</Filter>
    </ClCompile>
    <ClCompile Include="Molecule.cc">
      <Filter>Source Files</Filter>
    </ClCompile>
    <ClCompile Include="Receiver.cc">
      <Filter>Source Files</Filter>
    </ClCompile>
    <ClCompile Include="Stdafx.cpp">
      <Filter>Source Files</Filter>
    </ClCompile>
    <ClCompile Include="TowLine.cc">
      <Filter>Source Files</Filter>
    </ClCompile>
    <ClCompile Include="Utilities.cc">
      <Filter>Source Files</Filter>
    </ClCompile>
    <ClCompile Include="Vector4.cc">
      <Filter>Source Files</Filter>
    </ClCompile>
  </ItemGroup>
  <ItemGroup>
    <ClInclude Include="Cube.hh">
      <Filter>Header Files</Filter>
    </ClInclude>
    <ClInclude Include="Drawable.hh">
      <Filter>Header Files</Filter>
    </ClInclude>
    <ClInclude Include="EmDataSet.hh">
      <Filter>Header Files</Filter>
    </ClInclude>
    <ClInclude Include="GlScene.hh">
      <Filter>Header Files</Filter>
    </ClInclude>
    <ClInclude Include="Horizon.hh">
      <Filter>Header Files</Filter>
    </ClInclude>
    <ClInclude Include="Matrix4.hh">
      <Filter>Header Files</Filter>
    </ClInclude>
    <ClInclude Include="Measurement.hh">
      <Filter>Header Files</Filter>
    </ClInclude>
    <ClInclude Include="Molecule.hh">
      <Filter>Header Files</Filter>
    </ClInclude>
    <ClInclude Include="Receiver.hh">
      <Filter>Header Files</Filter>
    </ClInclude>
    <ClInclude Include="resource.h">
      <Filter>Header Files</Filter>
    </ClInclude>
    <ClInclude Include="Stdafx.h">
      <Filter>Header Files</Filter>
    </ClInclude>
    <ClInclude Include="TowLine.hh">
      <Filter>Header Files</Filter>
    </ClInclude>
    <ClInclude Include="Utilities.hh">
      <Filter>Header Files</Filter>
    </ClInclude>
    <ClInclude Include="Vector4.hh">
      <Filter>Header Files</Filter>
    </ClInclude>
    <ClInclude Include="AttributeSet.hh" />
  </ItemGroup>
  <ItemGroup>
    <Text Include="ReadMe.txt" />
  </ItemGroup>
</Project>